Microsoft Visual Studio Solution File, Format Version 11.00
# Visual Studio 2008

Project("{7290F421-C075-1873-A6E6-E5570E8E7921}") = "Jake in Mysterious Planet", "Assembly-CSharp.csproj", "{447BB7F6-3A73-236A-68F8-DA5B310213BE}"
EndProject
Global
	GlobalSection(SolutionConfigurationPlatforms) = preSolution
		Debug|Any CPU = Debug|Any CPU
		Release|Any CPU = Release|Any CPU
	EndGlobalSection
	GlobalSection(ProjectConfigurationPlatforms) = postSolution
		{447BB7F6-3A73-236A-68F8-DA5B310213BE}.Debug|Any CPU.ActiveCfg = Debug|Any CPU
		{447BB7F6-3A73-236A-68F8-DA5B310213BE}.Debug|Any CPU.Build.0 = Debug|Any CPU
		{447BB7F6-3A73-236A-68F8-DA5B310213BE}.Release|Any CPU.ActiveCfg = Release|Any CPU
		{447BB7F6-3A73-236A-68F8-DA5B310213BE}.Release|Any CPU.Build.0 = Release|Any CPU
	EndGlobalSection
	GlobalSection(SolutionProperties) = preSolution
		HideSolutionNode = FALSE
	EndGlobalSection
	GlobalSection(MonoDevelopProperties) = preSolution
		StartupItem = Assembly-CSharp.csproj
	EndGlobalSection
EndGlobal
