Microsoft Visual Studio Solution File, Format Version 12.00
# Visual Studio 2012
Project("{7290F421-C075-1873-A6E6-E5570E8E7921}") = "Jake in Mysterious Planet", "Assembly-CSharp.csproj", "{447BB7F6-3A73-236A-68F8-DA5B310213BE}"
EndProject
Project("{7290F421-C075-1873-A6E6-E5570E8E7921}") = "Jake in Mysterious Planet", "Assembly-CSharp-Editor-firstpass.csproj", "{0F5C58AE-2093-63AA-DD27-80153281408A}"
EndProject
Global
	GlobalSection(SolutionConfigurationPlatforms) = preSolution
		Debug|Any CPU = Debug|Any CPU
		Release|Any CPU = Release|Any CPU
	EndGlobalSection
	GlobalSection(ProjectConfigurationPlatforms) = postSolution
		{447BB7F6-3A73-236A-68F8-DA5B310213BE}.Debug|Any CPU.ActiveCfg = Debug|Any CPU
		{447BB7F6-3A73-236A-68F8-DA5B310213BE}.Debug|Any CPU.Build.0 = Debug|Any CPU
		{447BB7F6-3A73-236A-68F8-DA5B310213BE}.Release|Any CPU.ActiveCfg = Release|Any CPU
		{447BB7F6-3A73-236A-68F8-DA5B310213BE}.Release|Any CPU.Build.0 = Release|Any CPU
		{0F5C58AE-2093-63AA-DD27-80153281408A}.Debug|Any CPU.ActiveCfg = Debug|Any CPU
		{0F5C58AE-2093-63AA-DD27-80153281408A}.Debug|Any CPU.Build.0 = Debug|Any CPU
		{0F5C58AE-2093-63AA-DD27-80153281408A}.Release|Any CPU.ActiveCfg = Release|Any CPU
		{0F5C58AE-2093-63AA-DD27-80153281408A}.Release|Any CPU.Build.0 = Release|Any CPU
	EndGlobalSection
	GlobalSection(MonoDevelopProperties) = preSolution
		StartupItem = Assembly-CSharp.csproj
	EndGlobalSection
EndGlobal
